// !$*UTF8*$!
{
	archiveVersion = 1;
	classes = {
	};
	objectVersion = 50;
	objects = {

/* Begin PBXBuildFile section */
		4016050622412CD100D57C14 /* Switcher.swift in Sources */ = {isa = PBXBuildFile; fileRef = 4016050522412CD100D57C14 /* Switcher.swift */; };
		4026FBBE224A558A00924B64 /* AddAddressViewController.swift in Sources */ = {isa = PBXBuildFile; fileRef = 4026FBBD224A558A00924B64 /* AddAddressViewController.swift */; };
		4026FBC0224A584300924B64 /* CityTableViewCell.swift in Sources */ = {isa = PBXBuildFile; fileRef = 4026FBBF224A584300924B64 /* CityTableViewCell.swift */; };
		4041FF05224B660800C27574 /* ChooseAddressViewController.swift in Sources */ = {isa = PBXBuildFile; fileRef = 4041FF04224B660800C27574 /* ChooseAddressViewController.swift */; };
		4041FF07224B672800C27574 /* Address.swift in Sources */ = {isa = PBXBuildFile; fileRef = 4041FF06224B672800C27574 /* Address.swift */; };
		4041FF09224B710500C27574 /* AddressTableViewCell.swift in Sources */ = {isa = PBXBuildFile; fileRef = 4041FF08224B710500C27574 /* AddressTableViewCell.swift */; };
		408B4AFD22437DC30044583B /* Constants.swift in Sources */ = {isa = PBXBuildFile; fileRef = 408B4AFC22437DC30044583B /* Constants.swift */; };
		408B4AFF2243A6C20044583B /* RestRequests.swift in Sources */ = {isa = PBXBuildFile; fileRef = 408B4AFE2243A6C20044583B /* RestRequests.swift */; };
		9D08FE70FD10FFB490FE9BCF /* Pods_AXDLockers.framework in Frameworks */ = {isa = PBXBuildFile; fileRef = D395A263B4062A7B62BAFABE /* Pods_AXDLockers.framework */; };
		DA834B2A224973C400996DEB /* AddLockerViewController.swift in Sources */ = {isa = PBXBuildFile; fileRef = DA834B29224973C400996DEB /* AddLockerViewController.swift */; };
		DAC5A69E2240135D005C0425 /* AppDelegate.swift in Sources */ = {isa = PBXBuildFile; fileRef = DAC5A69D2240135D005C0425 /* AppDelegate.swift */; };
		DAC5A6A02240135D005C0425 /* QRScannerViewController.swift in Sources */ = {isa = PBXBuildFile; fileRef = DAC5A69F2240135D005C0425 /* QRScannerViewController.swift */; };
		DAC5A6A32240135D005C0425 /* Main.storyboard in Resources */ = {isa = PBXBuildFile; fileRef = DAC5A6A12240135D005C0425 /* Main.storyboard */; };
		DAC5A6A52240135E005C0425 /* Assets.xcassets in Resources */ = {isa = PBXBuildFile; fileRef = DAC5A6A42240135E005C0425 /* Assets.xcassets */; };
		DAC5A6A82240135E005C0425 /* LaunchScreen.storyboard in Resources */ = {isa = PBXBuildFile; fileRef = DAC5A6A62240135E005C0425 /* LaunchScreen.storyboard */; };
		DAC5A6B22240CF08005C0425 /* LogInViewController.swift in Sources */ = {isa = PBXBuildFile; fileRef = DAC5A6B12240CF08005C0425 /* LogInViewController.swift */; };
		DADC98FA224ABE6D00ABA881 /* City.swift in Sources */ = {isa = PBXBuildFile; fileRef = DADC98F9224ABE6D00ABA881 /* City.swift */; };
/* End PBXBuildFile section */

/* Begin PBXFileReference section */
		2716C6D5081AA02CE89AB346 /* Pods-AXDLockers.debug.xcconfig */ = {isa = PBXFileReference; includeInIndex = 1; lastKnownFileType = text.xcconfig; name = "Pods-AXDLockers.debug.xcconfig"; path = "Pods/Target Support Files/Pods-AXDLockers/Pods-AXDLockers.debug.xcconfig"; sourceTree = "<group>"; };
		4016050522412CD100D57C14 /* Switcher.swift */ = {isa = PBXFileReference; lastKnownFileType = sourcecode.swift; path = Switcher.swift; sourceTree = "<group>"; };
		4026FBBD224A558A00924B64 /* AddAddressViewController.swift */ = {isa = PBXFileReference; lastKnownFileType = sourcecode.swift; path = AddAddressViewController.swift; sourceTree = "<group>"; };
		4026FBBF224A584300924B64 /* CityTableViewCell.swift */ = {isa = PBXFileReference; lastKnownFileType = sourcecode.swift; path = CityTableViewCell.swift; sourceTree = "<group>"; };
		4041FF04224B660800C27574 /* ChooseAddressViewController.swift */ = {isa = PBXFileReference; lastKnownFileType = sourcecode.swift; path = ChooseAddressViewController.swift; sourceTree = "<group>"; };
		4041FF06224B672800C27574 /* Address.swift */ = {isa = PBXFileReference; lastKnownFileType = sourcecode.swift; path = Address.swift; sourceTree = "<group>"; };
		4041FF08224B710500C27574 /* AddressTableViewCell.swift */ = {isa = PBXFileReference; lastKnownFileType = sourcecode.swift; path = AddressTableViewCell.swift; sourceTree = "<group>"; };
		408B4AFC22437DC30044583B /* Constants.swift */ = {isa = PBXFileReference; lastKnownFileType = sourcecode.swift; path = Constants.swift; sourceTree = "<group>"; };
		408B4AFE2243A6C20044583B /* RestRequests.swift */ = {isa = PBXFileReference; lastKnownFileType = sourcecode.swift; path = RestRequests.swift; sourceTree = "<group>"; };
		871E51F609258B91C690172C /* Pods-AXDLockers.release.xcconfig */ = {isa = PBXFileReference; includeInIndex = 1; lastKnownFileType = text.xcconfig; name = "Pods-AXDLockers.release.xcconfig"; path = "Pods/Target Support Files/Pods-AXDLockers/Pods-AXDLockers.release.xcconfig"; sourceTree = "<group>"; };
		D395A263B4062A7B62BAFABE /* Pods_AXDLockers.framework */ = {isa = PBXFileReference; explicitFileType = wrapper.framework; includeInIndex = 0; path = Pods_AXDLockers.framework; sourceTree = BUILT_PRODUCTS_DIR; };
		DA834B29224973C400996DEB /* AddLockerViewController.swift */ = {isa = PBXFileReference; lastKnownFileType = sourcecode.swift; path = AddLockerViewController.swift; sourceTree = "<group>"; };
		DAC5A69A2240135D005C0425 /* AXDLockers.app */ = {isa = PBXFileReference; explicitFileType = wrapper.application; includeInIndex = 0; path = AXDLockers.app; sourceTree = BUILT_PRODUCTS_DIR; };
		DAC5A69D2240135D005C0425 /* AppDelegate.swift */ = {isa = PBXFileReference; lastKnownFileType = sourcecode.swift; path = AppDelegate.swift; sourceTree = "<group>"; };
		DAC5A69F2240135D005C0425 /* QRScannerViewController.swift */ = {isa = PBXFileReference; lastKnownFileType = sourcecode.swift; path = QRScannerViewController.swift; sourceTree = "<group>"; };
		DAC5A6A22240135D005C0425 /* Base */ = {isa = PBXFileReference; lastKnownFileType = file.storyboard; name = Base; path = Base.lproj/Main.storyboard; sourceTree = "<group>"; };
		DAC5A6A42240135E005C0425 /* Assets.xcassets */ = {isa = PBXFileReference; lastKnownFileType = folder.assetcatalog; path = Assets.xcassets; sourceTree = "<group>"; };
		DAC5A6A72240135E005C0425 /* Base */ = {isa = PBXFileReference; lastKnownFileType = file.storyboard; name = Base; path = Base.lproj/LaunchScreen.storyboard; sourceTree = "<group>"; };
		DAC5A6A92240135E005C0425 /* Info.plist */ = {isa = PBXFileReference; lastKnownFileType = text.plist.xml; path = Info.plist; sourceTree = "<group>"; };
		DAC5A6B12240CF08005C0425 /* LogInViewController.swift */ = {isa = PBXFileReference; lastKnownFileType = sourcecode.swift; path = LogInViewController.swift; sourceTree = "<group>"; };
		DADC98F9224ABE6D00ABA881 /* City.swift */ = {isa = PBXFileReference; lastKnownFileType = sourcecode.swift; path = City.swift; sourceTree = "<group>"; };
/* End PBXFileReference section */

/* Begin PBXFrameworksBuildPhase section */
		DAC5A6972240135D005C0425 /* Frameworks */ = {
			isa = PBXFrameworksBuildPhase;
			buildActionMask = 2147483647;
			files = (
				9D08FE70FD10FFB490FE9BCF /* Pods_AXDLockers.framework in Frameworks */,
			);
			runOnlyForDeploymentPostprocessing = 0;
		};
/* End PBXFrameworksBuildPhase section */

/* Begin PBXGroup section */
		49FB0204B726A2B5C8628370 /* Frameworks */ = {
			isa = PBXGroup;
			children = (
				D395A263B4062A7B62BAFABE /* Pods_AXDLockers.framework */,
			);
			name = Frameworks;
			sourceTree = "<group>";
		};
		DAC5A6912240135D005C0425 = {
			isa = PBXGroup;
			children = (
				DAC5A69C2240135D005C0425 /* AXDLockers */,
				DAC5A69B2240135D005C0425 /* Products */,
				E350AAC00F67FA3937BF4085 /* Pods */,
				49FB0204B726A2B5C8628370 /* Frameworks */,
			);
			sourceTree = "<group>";
		};
		DAC5A69B2240135D005C0425 /* Products */ = {
			isa = PBXGroup;
			children = (
				DAC5A69A2240135D005C0425 /* AXDLockers.app */,
			);
			name = Products;
			sourceTree = "<group>";
		};
		DAC5A69C2240135D005C0425 /* AXDLockers */ = {
			isa = PBXGroup;
			children = (
				DAC5A69D2240135D005C0425 /* AppDelegate.swift */,
				DAC5A69F2240135D005C0425 /* QRScannerViewController.swift */,
				DAC5A6A12240135D005C0425 /* Main.storyboard */,
				DAC5A6B12240CF08005C0425 /* LogInViewController.swift */,
				DAC5A6A42240135E005C0425 /* Assets.xcassets */,
				DAC5A6A62240135E005C0425 /* LaunchScreen.storyboard */,
				DAC5A6A92240135E005C0425 /* Info.plist */,
				4016050522412CD100D57C14 /* Switcher.swift */,
				408B4AFC22437DC30044583B /* Constants.swift */,
				408B4AFE2243A6C20044583B /* RestRequests.swift */,
				DA834B29224973C400996DEB /* AddLockerViewController.swift */,
				4026FBBD224A558A00924B64 /* AddAddressViewController.swift */,
				4026FBBF224A584300924B64 /* CityTableViewCell.swift */,
				DADC98F9224ABE6D00ABA881 /* City.swift */,
				4041FF04224B660800C27574 /* ChooseAddressViewController.swift */,
				4041FF06224B672800C27574 /* Address.swift */,
				4041FF08224B710500C27574 /* AddressTableViewCell.swift */,
			);
			path = AXDLockers;
			sourceTree = "<group>";
		};
		E350AAC00F67FA3937BF4085 /* Pods */ = {
			isa = PBXGroup;
			children = (
				2716C6D5081AA02CE89AB346 /* Pods-AXDLockers.debug.xcconfig */,
				871E51F609258B91C690172C /* Pods-AXDLockers.release.xcconfig */,
			);
			name = Pods;
			sourceTree = "<group>";
		};
/* End PBXGroup section */

/* Begin PBXNativeTarget section */
		DAC5A6992240135D005C0425 /* AXDLockers */ = {
			isa = PBXNativeTarget;
			buildConfigurationList = DAC5A6AC2240135E005C0425 /* Build configuration list for PBXNativeTarget "AXDLockers" */;
			buildPhases = (
				C29CBA4D51FF18E90193018B /* [CP] Check Pods Manifest.lock */,
				DAC5A6962240135D005C0425 /* Sources */,
				DAC5A6972240135D005C0425 /* Frameworks */,
				DAC5A6982240135D005C0425 /* Resources */,
				83D2A4AE68DDA584835D11B9 /* [CP] Embed Pods Frameworks */,
			);
			buildRules = (
			);
			dependencies = (
			);
			name = AXDLockers;
			productName = AXDLokers;
			productReference = DAC5A69A2240135D005C0425 /* AXDLockers.app */;
			productType = "com.apple.product-type.application";
		};
/* End PBXNativeTarget section */

/* Begin PBXProject section */
		DAC5A6922240135D005C0425 /* Project object */ = {
			isa = PBXProject;
			attributes = {
				LastSwiftUpdateCheck = 1010;
				LastUpgradeCheck = 1010;
				ORGANIZATIONNAME = "Paul Oprea";
				TargetAttributes = {
					DAC5A6992240135D005C0425 = {
						CreatedOnToolsVersion = 10.1;
						LastSwiftMigration = 1020;
					};
				};
			};
			buildConfigurationList = DAC5A6952240135D005C0425 /* Build configuration list for PBXProject "AXDLockers" */;
			compatibilityVersion = "Xcode 9.3";
			developmentRegion = en;
			hasScannedForEncodings = 0;
			knownRegions = (
				en,
				Base,
			);
			mainGroup = DAC5A6912240135D005C0425;
			productRefGroup = DAC5A69B2240135D005C0425 /* Products */;
			projectDirPath = "";
			projectRoot = "";
			targets = (
				DAC5A6992240135D005C0425 /* AXDLockers */,
			);
		};
/* End PBXProject section */

/* Begin PBXResourcesBuildPhase section */
		DAC5A6982240135D005C0425 /* Resources */ = {
			isa = PBXResourcesBuildPhase;
			buildActionMask = 2147483647;
			files = (
				DAC5A6A82240135E005C0425 /* LaunchScreen.storyboard in Resources */,
				DAC5A6A52240135E005C0425 /* Assets.xcassets in Resources */,
				DAC5A6A32240135D005C0425 /* Main.storyboard in Resources */,
			);
			runOnlyForDeploymentPostprocessing = 0;
		};
/* End PBXResourcesBuildPhase section */

/* Begin PBXShellScriptBuildPhase section */
		83D2A4AE68DDA584835D11B9 /* [CP] Embed Pods Frameworks */ = {
			isa = PBXShellScriptBuildPhase;
			buildActionMask = 2147483647;
			files = (
			);
			inputFileListPaths = (
			);
			inputPaths = (
				"${SRCROOT}/Pods/Target Support Files/Pods-AXDLockers/Pods-AXDLockers-frameworks.sh",
				"${BUILT_PRODUCTS_DIR}/Alamofire/Alamofire.framework",
				"${BUILT_PRODUCTS_DIR}/SwiftyJSON/SwiftyJSON.framework",
			);
			name = "[CP] Embed Pods Frameworks";
			outputFileListPaths = (
			);
			outputPaths = (
				"${TARGET_BUILD_DIR}/${FRAMEWORKS_FOLDER_PATH}/Alamofire.framework",
				"${TARGET_BUILD_DIR}/${FRAMEWORKS_FOLDER_PATH}/SwiftyJSON.framework",
			);
			runOnlyForDeploymentPostprocessing = 0;
			shellPath = /bin/sh;
			shellScript = "\"${SRCROOT}/Pods/Target Support Files/Pods-AXDLockers/Pods-AXDLockers-frameworks.sh\"\n";
			showEnvVarsInLog = 0;
		};
		C29CBA4D51FF18E90193018B /* [CP] Check Pods Manifest.lock */ = {
			isa = PBXShellScriptBuildPhase;
			buildActionMask = 2147483647;
			files = (
			);
			inputFileListPaths = (
			);
			inputPaths = (
				"${PODS_PODFILE_DIR_PATH}/Podfile.lock",
				"${PODS_ROOT}/Manifest.lock",
			);
			name = "[CP] Check Pods Manifest.lock";
			outputFileListPaths = (
			);
			outputPaths = (
				"$(DERIVED_FILE_DIR)/Pods-AXDLockers-checkManifestLockResult.txt",
			);
			runOnlyForDeploymentPostprocessing = 0;
			shellPath = /bin/sh;
			shellScript = "diff \"${PODS_PODFILE_DIR_PATH}/Podfile.lock\" \"${PODS_ROOT}/Manifest.lock\" > /dev/null\nif [ $? != 0 ] ; then\n    # print error to STDERR\n    echo \"error: The sandbox is not in sync with the Podfile.lock. Run 'pod install' or update your CocoaPods installation.\" >&2\n    exit 1\nfi\n# This output is used by Xcode 'outputs' to avoid re-running this script phase.\necho \"SUCCESS\" > \"${SCRIPT_OUTPUT_FILE_0}\"\n";
			showEnvVarsInLog = 0;
		};
/* End PBXShellScriptBuildPhase section */

/* Begin PBXSourcesBuildPhase section */
		DAC5A6962240135D005C0425 /* Sources */ = {
			isa = PBXSourcesBuildPhase;
			buildActionMask = 2147483647;
			files = (
				4026FBC0224A584300924B64 /* CityTableViewCell.swift in Sources */,
				DA834B2A224973C400996DEB /* AddLockerViewController.swift in Sources */,
				408B4AFD22437DC30044583B /* Constants.swift in Sources */,
				DAC5A6A02240135D005C0425 /* QRScannerViewController.swift in Sources */,
				DAC5A69E2240135D005C0425 /* AppDelegate.swift in Sources */,
				4041FF05224B660800C27574 /* ChooseAddressViewController.swift in Sources */,
				4041FF07224B672800C27574 /* Address.swift in Sources */,
				4016050622412CD100D57C14 /* Switcher.swift in Sources */,
				DADC98FA224ABE6D00ABA881 /* City.swift in Sources */,
				DAC5A6B22240CF08005C0425 /* LogInViewController.swift in Sources */,
				408B4AFF2243A6C20044583B /* RestRequests.swift in Sources */,
				4026FBBE224A558A00924B64 /* AddAddressViewController.swift in Sources */,
				4041FF09224B710500C27574 /* AddressTableViewCell.swift in Sources */,
			);
			runOnlyForDeploymentPostprocessing = 0;
		};
/* End PBXSourcesBuildPhase section */

/* Begin PBXVariantGroup section */
		DAC5A6A12240135D005C0425 /* Main.storyboard */ = {
			isa = PBXVariantGroup;
			children = (
				DAC5A6A22240135D005C0425 /* Base */,
			);
			name = Main.storyboard;
			sourceTree = "<group>";
		};
		DAC5A6A62240135E005C0425 /* LaunchScreen.storyboard */ = {
			isa = PBXVariantGroup;
			children = (
				DAC5A6A72240135E005C0425 /* Base */,
			);
			name = LaunchScreen.storyboard;
			sourceTree = "<group>";
		};
/* End PBXVariantGroup section */

/* Begin XCBuildConfiguration section */
		DAC5A6AA2240135E005C0425 /* Debug */ = {
			isa = XCBuildConfiguration;
			buildSettings = {
				ALWAYS_SEARCH_USER_PATHS = NO;
				CLANG_ANALYZER_NONNULL = YES;
				CLANG_ANALYZER_NUMBER_OBJECT_CONVERSION = YES_AGGRESSIVE;
				CLANG_CXX_LANGUAGE_STANDARD = "gnu++14";
				CLANG_CXX_LIBRARY = "libc++";
				CLANG_ENABLE_MODULES = YES;
				CLANG_ENABLE_OBJC_ARC = YES;
				CLANG_ENABLE_OBJC_WEAK = YES;
				CLANG_WARN_BLOCK_CAPTURE_AUTORELEASING = YES;
				CLANG_WARN_BOOL_CONVERSION = YES;
				CLANG_WARN_COMMA = YES;
				CLANG_WARN_CONSTANT_CONVERSION = YES;
				CLANG_WARN_DEPRECATED_OBJC_IMPLEMENTATIONS = YES;
				CLANG_WARN_DIRECT_OBJC_ISA_USAGE = YES_ERROR;
				CLANG_WARN_DOCUMENTATION_COMMENTS = YES;
				CLANG_WARN_EMPTY_BODY = YES;
				CLANG_WARN_ENUM_CONVERSION = YES;
				CLANG_WARN_INFINITE_RECURSION = YES;
				CLANG_WARN_INT_CONVERSION = YES;
				CLANG_WARN_NON_LITERAL_NULL_CONVERSION = YES;
				CLANG_WARN_OBJC_IMPLICIT_RETAIN_SELF = YES;
				CLANG_WARN_OBJC_LITERAL_CONVERSION = YES;
				CLANG_WARN_OBJC_ROOT_CLASS = YES_ERROR;
				CLANG_WARN_RANGE_LOOP_ANALYSIS = YES;
				CLANG_WARN_STRICT_PROTOTYPES = YES;
				CLANG_WARN_SUSPICIOUS_MOVE = YES;
				CLANG_WARN_UNGUARDED_AVAILABILITY = YES_AGGRESSIVE;
				CLANG_WARN_UNREACHABLE_CODE = YES;
				CLANG_WARN__DUPLICATE_METHOD_MATCH = YES;
				CODE_SIGN_IDENTITY = "iPhone Developer";
				COPY_PHASE_STRIP = NO;
				DEBUG_INFORMATION_FORMAT = dwarf;
				ENABLE_STRICT_OBJC_MSGSEND = YES;
				ENABLE_TESTABILITY = YES;
				GCC_C_LANGUAGE_STANDARD = gnu11;
				GCC_DYNAMIC_NO_PIC = NO;
				GCC_NO_COMMON_BLOCKS = YES;
				GCC_OPTIMIZATION_LEVEL = 0;
				GCC_PREPROCESSOR_DEFINITIONS = (
					"DEBUG=1",
					"$(inherited)",
				);
				GCC_WARN_64_TO_32_BIT_CONVERSION = YES;
				GCC_WARN_ABOUT_RETURN_TYPE = YES_ERROR;
				GCC_WARN_UNDECLARED_SELECTOR = YES;
				GCC_WARN_UNINITIALIZED_AUTOS = YES_AGGRESSIVE;
				GCC_WARN_UNUSED_FUNCTION = YES;
				GCC_WARN_UNUSED_VARIABLE = YES;
				IPHONEOS_DEPLOYMENT_TARGET = 12.1;
				MTL_ENABLE_DEBUG_INFO = INCLUDE_SOURCE;
				MTL_FAST_MATH = YES;
				ONLY_ACTIVE_ARCH = YES;
				SDKROOT = iphoneos;
				SWIFT_ACTIVE_COMPILATION_CONDITIONS = DEBUG;
				SWIFT_OPTIMIZATION_LEVEL = "-Onone";
			};
			name = Debug;
		};
		DAC5A6AB2240135E005C0425 /* Release */ = {
			isa = XCBuildConfiguration;
			buildSettings = {
				ALWAYS_SEARCH_USER_PATHS = NO;
				CLANG_ANALYZER_NONNULL = YES;
				CLANG_ANALYZER_NUMBER_OBJECT_CONVERSION = YES_AGGRESSIVE;
				CLANG_CXX_LANGUAGE_STANDARD = "gnu++14";
				CLANG_CXX_LIBRARY = "libc++";
				CLANG_ENABLE_MODULES = YES;
				CLANG_ENABLE_OBJC_ARC = YES;
				CLANG_ENABLE_OBJC_WEAK = YES;
				CLANG_WARN_BLOCK_CAPTURE_AUTORELEASING = YES;
				CLANG_WARN_BOOL_CONVERSION = YES;
				CLANG_WARN_COMMA = YES;
				CLANG_WARN_CONSTANT_CONVERSION = YES;
				CLANG_WARN_DEPRECATED_OBJC_IMPLEMENTATIONS = YES;
				CLANG_WARN_DIRECT_OBJC_ISA_USAGE = YES_ERROR;
				CLANG_WARN_DOCUMENTATION_COMMENTS = YES;
				CLANG_WARN_EMPTY_BODY = YES;
				CLANG_WARN_ENUM_CONVERSION = YES;
				CLANG_WARN_INFINITE_RECURSION = YES;
				CLANG_WARN_INT_CONVERSION = YES;
				CLANG_WARN_NON_LITERAL_NULL_CONVERSION = YES;
				CLANG_WARN_OBJC_IMPLICIT_RETAIN_SELF = YES;
				CLANG_WARN_OBJC_LITERAL_CONVERSION = YES;
				CLANG_WARN_OBJC_ROOT_CLASS = YES_ERROR;
				CLANG_WARN_RANGE_LOOP_ANALYSIS = YES;
				CLANG_WARN_STRICT_PROTOTYPES = YES;
				CLANG_WARN_SUSPICIOUS_MOVE = YES;
				CLANG_WARN_UNGUARDED_AVAILABILITY = YES_AGGRESSIVE;
				CLANG_WARN_UNREACHABLE_CODE = YES;
				CLANG_WARN__DUPLICATE_METHOD_MATCH = YES;
				CODE_SIGN_IDENTITY = "iPhone Developer";
				COPY_PHASE_STRIP = NO;
				DEBUG_INFORMATION_FORMAT = "dwarf-with-dsym";
				ENABLE_NS_ASSERTIONS = NO;
				ENABLE_STRICT_OBJC_MSGSEND = YES;
				GCC_C_LANGUAGE_STANDARD = gnu11;
				GCC_NO_COMMON_BLOCKS = YES;
				GCC_WARN_64_TO_32_BIT_CONVERSION = YES;
				GCC_WARN_ABOUT_RETURN_TYPE = YES_ERROR;
				GCC_WARN_UNDECLARED_SELECTOR = YES;
				GCC_WARN_UNINITIALIZED_AUTOS = YES_AGGRESSIVE;
				GCC_WARN_UNUSED_FUNCTION = YES;
				GCC_WARN_UNUSED_VARIABLE = YES;
				IPHONEOS_DEPLOYMENT_TARGET = 12.1;
				MTL_ENABLE_DEBUG_INFO = NO;
				MTL_FAST_MATH = YES;
				SDKROOT = iphoneos;
				SWIFT_COMPILATION_MODE = wholemodule;
				SWIFT_OPTIMIZATION_LEVEL = "-O";
				VALIDATE_PRODUCT = YES;
			};
			name = Release;
		};
		DAC5A6AD2240135E005C0425 /* Debug */ = {
			isa = XCBuildConfiguration;
			baseConfigurationReference = 2716C6D5081AA02CE89AB346 /* Pods-AXDLockers.debug.xcconfig */;
			buildSettings = {
				ASSETCATALOG_COMPILER_APPICON_NAME = AppIcon;
				CODE_SIGN_STYLE = Automatic;
				DEVELOPMENT_TEAM = 85TX4DE8AK;
				INFOPLIST_FILE = AXDLockers/Info.plist;
				LD_RUNPATH_SEARCH_PATHS = (
					"$(inherited)",
					"@executable_path/Frameworks",
				);
				PRODUCT_BUNDLE_IDENTIFIER = ro.duoline.AXDLockers;
				PRODUCT_NAME = "$(TARGET_NAME)";
				SWIFT_VERSION = 5.0;
				TARGETED_DEVICE_FAMILY = "1,2";
			};
			name = Debug;
		};
		DAC5A6AE2240135E005C0425 /* Release */ = {
			isa = XCBuildConfiguration;
			baseConfigurationReference = 871E51F609258B91C690172C /* Pods-AXDLockers.release.xcconfig */;
			buildSettings = {
				ASSETCATALOG_COMPILER_APPICON_NAME = AppIcon;
				CODE_SIGN_STYLE = Automatic;
				DEVELOPMENT_TEAM = 85TX4DE8AK;
				INFOPLIST_FILE = AXDLockers/Info.plist;
				LD_RUNPATH_SEARCH_PATHS = (
					"$(inherited)",
					"@executable_path/Frameworks",
				);
				PRODUCT_BUNDLE_IDENTIFIER = ro.duoline.AXDLockers;
				PRODUCT_NAME = "$(TARGET_NAME)";
				SWIFT_VERSION = 5.0;
				TARGETED_DEVICE_FAMILY = "1,2";
			};
			name = Release;
		};
/* End XCBuildConfiguration section */

/* Begin XCConfigurationList section */
		DAC5A6952240135D005C0425 /* Build configuration list for PBXProject "AXDLockers" */ = {
			isa = XCConfigurationList;
			buildConfigurations = (
				DAC5A6AA2240135E005C0425 /* Debug */,
				DAC5A6AB2240135E005C0425 /* Release */,
			);
			defaultConfigurationIsVisible = 0;
			defaultConfigurationName = Release;
		};
		DAC5A6AC2240135E005C0425 /* Build configuration list for PBXNativeTarget "AXDLockers" */ = {
			isa = XCConfigurationList;
			buildConfigurations = (
				DAC5A6AD2240135E005C0425 /* Debug */,
				DAC5A6AE2240135E005C0425 /* Release */,
			);
			defaultConfigurationIsVisible = 0;
			defaultConfigurationName = Release;
		};
/* End XCConfigurationList section */
	};
	rootObject = DAC5A6922240135D005C0425 /* Project object */;
}
